// !$*UTF8*$!
{
	archiveVersion = 1;
	classes = {
	};
	objectVersion = 55;
	objects = {

/* Begin PBXBuildFile section */
		AC17413B27CA5A7500FF92C3 /* AppDelegate.swift in Sources */ = {isa = PBXBuildFile; fileRef = AC17413A27CA5A7500FF92C3 /* AppDelegate.swift */; };
		AC17413D27CA5A7500FF92C3 /* SceneDelegate.swift in Sources */ = {isa = PBXBuildFile; fileRef = AC17413C27CA5A7500FF92C3 /* SceneDelegate.swift */; };
		AC17413F27CA5A7500FF92C3 /* ListViewController.swift in Sources */ = {isa = PBXBuildFile; fileRef = AC17413E27CA5A7500FF92C3 /* ListViewController.swift */; };
		AC17414227CA5A7500FF92C3 /* Main.storyboard in Resources */ = {isa = PBXBuildFile; fileRef = AC17414027CA5A7500FF92C3 /* Main.storyboard */; };
		AC17414527CA5A7500FF92C3 /* TodoList_CoreData.xcdatamodeld in Sources */ = {isa = PBXBuildFile; fileRef = AC17414327CA5A7500FF92C3 /* TodoList_CoreData.xcdatamodeld */; };
		AC17414727CA5A7600FF92C3 /* Assets.xcassets in Resources */ = {isa = PBXBuildFile; fileRef = AC17414627CA5A7600FF92C3 /* Assets.xcassets */; };
		AC17414A27CA5A7600FF92C3 /* LaunchScreen.storyboard in Resources */ = {isa = PBXBuildFile; fileRef = AC17414827CA5A7600FF92C3 /* LaunchScreen.storyboard */; };
/* End PBXBuildFile section */

/* Begin PBXFileReference section */
		AC17413727CA5A7500FF92C3 /* TodoList-CoreData.app */ = {isa = PBXFileReference; explicitFileType = wrapper.application; includeInIndex = 0; path = "TodoList-CoreData.app"; sourceTree = BUILT_PRODUCTS_DIR; };
		AC17413A27CA5A7500FF92C3 /* AppDelegate.swift */ = {isa = PBXFileReference; lastKnownFileType = sourcecode.swift; path = AppDelegate.swift; sourceTree = "<group>"; };
		AC17413C27CA5A7500FF92C3 /* SceneDelegate.swift */ = {isa = PBXFileReference; lastKnownFileType = sourcecode.swift; path = SceneDelegate.swift; sourceTree = "<group>"; };
		AC17413E27CA5A7500FF92C3 /* ListViewController.swift */ = {isa = PBXFileReference; lastKnownFileType = sourcecode.swift; path = ListViewController.swift; sourceTree = "<group>"; };
		AC17414127CA5A7500FF92C3 /* Base */ = {isa = PBXFileReference; lastKnownFileType = file.storyboard; name = Base; path = Base.lproj/Main.storyboard; sourceTree = "<group>"; };
		AC17414427CA5A7500FF92C3 /* TodoList_CoreData.xcdatamodel */ = {isa = PBXFileReference; lastKnownFileType = wrapper.xcdatamodel; path = TodoList_CoreData.xcdatamodel; sourceTree = "<group>"; };
		AC17414627CA5A7600FF92C3 /* Assets.xcassets */ = {isa = PBXFileReference; lastKnownFileType = folder.assetcatalog; path = Assets.xcassets; sourceTree = "<group>"; };
		AC17414927CA5A7600FF92C3 /* Base */ = {isa = PBXFileReference; lastKnownFileType = file.storyboard; name = Base; path = Base.lproj/LaunchScreen.storyboard; sourceTree = "<group>"; };
		AC17414B27CA5A7600FF92C3 /* Info.plist */ = {isa = PBXFileReference; lastKnownFileType = text.plist.xml; path = Info.plist; sourceTree = "<group>"; };
/* End PBXFileReference section */

/* Begin PBXFrameworksBuildPhase section */
		AC17413427CA5A7500FF92C3 /* Frameworks */ = {
			isa = PBXFrameworksBuildPhase;
			buildActionMask = 2147483647;
			files = (
			);
			runOnlyForDeploymentPostprocessing = 0;
		};
/* End PBXFrameworksBuildPhase section */

/* Begin PBXGroup section */
		AC17412E27CA5A7500FF92C3 = {
			isa = PBXGroup;
			children = (
				AC17413927CA5A7500FF92C3 /* TodoList-CoreData */,
				AC17413827CA5A7500FF92C3 /* Products */,
			);
			sourceTree = "<group>";
		};
		AC17413827CA5A7500FF92C3 /* Products */ = {
			isa = PBXGroup;
			children = (
				AC17413727CA5A7500FF92C3 /* TodoList-CoreData.app */,
			);
			name = Products;
			sourceTree = "<group>";
		};
		AC17413927CA5A7500FF92C3 /* TodoList-CoreData */ = {
			isa = PBXGroup;
			children = (
				AC17415427CA5D4800FF92C3 /* View */,
				AC17415327CA5D4100FF92C3 /* Controller */,
				AC17415227CA5CBC00FF92C3 /* DataLayer */,
				AC17415127CA5CA900FF92C3 /* SupportingFiles */,
				AC17414627CA5A7600FF92C3 /* Assets.xcassets */,
				AC17414B27CA5A7600FF92C3 /* Info.plist */,
			);
			path = "TodoList-CoreData";
			sourceTree = "<group>";
		};
		AC17415127CA5CA900FF92C3 /* SupportingFiles */ = {
			isa = PBXGroup;
			children = (
				AC17413A27CA5A7500FF92C3 /* AppDelegate.swift */,
				AC17413C27CA5A7500FF92C3 /* SceneDelegate.swift */,
				AC17414827CA5A7600FF92C3 /* LaunchScreen.storyboard */,
			);
			path = SupportingFiles;
			sourceTree = "<group>";
		};
		AC17415227CA5CBC00FF92C3 /* DataLayer */ = {
			isa = PBXGroup;
			children = (
				AC17414327CA5A7500FF92C3 /* TodoList_CoreData.xcdatamodeld */,
			);
			path = DataLayer;
			sourceTree = "<group>";
		};
		AC17415327CA5D4100FF92C3 /* Controller */ = {
			isa = PBXGroup;
			children = (
				AC17413E27CA5A7500FF92C3 /* ListViewController.swift */,
			);
			path = Controller;
			sourceTree = "<group>";
		};
		AC17415427CA5D4800FF92C3 /* View */ = {
			isa = PBXGroup;
			children = (
				AC17414027CA5A7500FF92C3 /* Main.storyboard */,
			);
			path = View;
			sourceTree = "<group>";
		};
/* End PBXGroup section */

/* Begin PBXNativeTarget section */
		AC17413627CA5A7500FF92C3 /* TodoList-CoreData */ = {
			isa = PBXNativeTarget;
			buildConfigurationList = AC17414E27CA5A7600FF92C3 /* Build configuration list for PBXNativeTarget "TodoList-CoreData" */;
			buildPhases = (
				AC17413327CA5A7500FF92C3 /* Sources */,
				AC17413427CA5A7500FF92C3 /* Frameworks */,
				AC17413527CA5A7500FF92C3 /* Resources */,
			);
			buildRules = (
			);
			dependencies = (
			);
			name = "TodoList-CoreData";
			productName = "TodoList-CoreData";
			productReference = AC17413727CA5A7500FF92C3 /* TodoList-CoreData.app */;
			productType = "com.apple.product-type.application";
		};
/* End PBXNativeTarget section */

/* Begin PBXProject section */
		AC17412F27CA5A7500FF92C3 /* Project object */ = {
			isa = PBXProject;
			attributes = {
				BuildIndependentTargetsInParallel = 1;
				LastSwiftUpdateCheck = 1320;
				LastUpgradeCheck = 1320;
				TargetAttributes = {
					AC17413627CA5A7500FF92C3 = {
						CreatedOnToolsVersion = 13.2.1;
					};
				};
			};
			buildConfigurationList = AC17413227CA5A7500FF92C3 /* Build configuration list for PBXProject "TodoList-CoreData" */;
			compatibilityVersion = "Xcode 13.0";
			developmentRegion = en;
			hasScannedForEncodings = 0;
			knownRegions = (
				en,
				Base,
			);
			mainGroup = AC17412E27CA5A7500FF92C3;
			productRefGroup = AC17413827CA5A7500FF92C3 /* Products */;
			projectDirPath = "";
			projectRoot = "";
			targets = (
				AC17413627CA5A7500FF92C3 /* TodoList-CoreData */,
			);
		};
/* End PBXProject section */

/* Begin PBXResourcesBuildPhase section */
		AC17413527CA5A7500FF92C3 /* Resources */ = {
			isa = PBXResourcesBuildPhase;
			buildActionMask = 2147483647;
			files = (
				AC17414A27CA5A7600FF92C3 /* LaunchScreen.storyboard in Resources */,
				AC17414727CA5A7600FF92C3 /* Assets.xcassets in Resources */,
				AC17414227CA5A7500FF92C3 /* Main.storyboard in Resources */,
			);
			runOnlyForDeploymentPostprocessing = 0;
		};
/* End PBXResourcesBuildPhase section */

/* Begin PBXSourcesBuildPhase section */
		AC17413327CA5A7500FF92C3 /* Sources */ = {
			isa = PBXSourcesBuildPhase;
			buildActionMask = 2147483647;
			files = (
				AC17413F27CA5A7500FF92C3 /* ListViewController.swift in Sources */,
				AC17413B27CA5A7500FF92C3 /* AppDelegate.swift in Sources */,
				AC17414527CA5A7500FF92C3 /* TodoList_CoreData.xcdatamodeld in Sources */,
				AC17413D27CA5A7500FF92C3 /* SceneDelegate.swift in Sources */,
			);
			runOnlyForDeploymentPostprocessing = 0;
		};
/* End PBXSourcesBuildPhase section */

/* Begin PBXVariantGroup section */
		AC17414027CA5A7500FF92C3 /* Main.storyboard */ = {
			isa = PBXVariantGroup;
			children = (
				AC17414127CA5A7500FF92C3 /* Base */,
			);
			name = Main.storyboard;
			sourceTree = "<group>";
		};
		AC17414827CA5A7600FF92C3 /* LaunchScreen.storyboard */ = {
			isa = PBXVariantGroup;
			children = (
				AC17414927CA5A7600FF92C3 /* Base */,
			);
			name = LaunchScreen.storyboard;
			sourceTree = "<group>";
		};
/* End PBXVariantGroup section */

/* Begin XCBuildConfiguration section */
		AC17414C27CA5A7600FF92C3 /* Debug */ = {
			isa = XCBuildConfiguration;
			buildSettings = {
				ALWAYS_SEARCH_USER_PATHS = NO;
				CLANG_ANALYZER_NONNULL = YES;
				CLANG_ANALYZER_NUMBER_OBJECT_CONVERSION = YES_AGGRESSIVE;
				CLANG_CXX_LANGUAGE_STANDARD = "gnu++17";
				CLANG_CXX_LIBRARY = "libc++";
				CLANG_ENABLE_MODULES = YES;
				CLANG_ENABLE_OBJC_ARC = YES;
				CLANG_ENABLE_OBJC_WEAK = YES;
				CLANG_WARN_BLOCK_CAPTURE_AUTORELEASING = YES;
				CLANG_WARN_BOOL_CONVERSION = YES;
				CLANG_WARN_COMMA = YES;
				CLANG_WARN_CONSTANT_CONVERSION = YES;
				CLANG_WARN_DEPRECATED_OBJC_IMPLEMENTATIONS = YES;
				CLANG_WARN_DIRECT_OBJC_ISA_USAGE = YES_ERROR;
				CLANG_WARN_DOCUMENTATION_COMMENTS = YES;
				CLANG_WARN_EMPTY_BODY = YES;
				CLANG_WARN_ENUM_CONVERSION = YES;
				CLANG_WARN_INFINITE_RECURSION = YES;
				CLANG_WARN_INT_CONVERSION = YES;
				CLANG_WARN_NON_LITERAL_NULL_CONVERSION = YES;
				CLANG_WARN_OBJC_IMPLICIT_RETAIN_SELF = YES;
				CLANG_WARN_OBJC_LITERAL_CONVERSION = YES;
				CLANG_WARN_OBJC_ROOT_CLASS = YES_ERROR;
				CLANG_WARN_QUOTED_INCLUDE_IN_FRAMEWORK_HEADER = YES;
				CLANG_WARN_RANGE_LOOP_ANALYSIS = YES;
				CLANG_WARN_STRICT_PROTOTYPES = YES;
				CLANG_WARN_SUSPICIOUS_MOVE = YES;
				CLANG_WARN_UNGUARDED_AVAILABILITY = YES_AGGRESSIVE;
				CLANG_WARN_UNREACHABLE_CODE = YES;
				CLANG_WARN__DUPLICATE_METHOD_MATCH = YES;
				COPY_PHASE_STRIP = NO;
				DEBUG_INFORMATION_FORMAT = dwarf;
				ENABLE_STRICT_OBJC_MSGSEND = YES;
				ENABLE_TESTABILITY = YES;
				GCC_C_LANGUAGE_STANDARD = gnu11;
				GCC_DYNAMIC_NO_PIC = NO;
				GCC_NO_COMMON_BLOCKS = YES;
				GCC_OPTIMIZATION_LEVEL = 0;
				GCC_PREPROCESSOR_DEFINITIONS = (
					"DEBUG=1",
					"$(inherited)",
				);
				GCC_WARN_64_TO_32_BIT_CONVERSION = YES;
				GCC_WARN_ABOUT_RETURN_TYPE = YES_ERROR;
				GCC_WARN_UNDECLARED_SELECTOR = YES;
				GCC_WARN_UNINITIALIZED_AUTOS = YES_AGGRESSIVE;
				GCC_WARN_UNUSED_FUNCTION = YES;
				GCC_WARN_UNUSED_VARIABLE = YES;
				IPHONEOS_DEPLOYMENT_TARGET = 15.2;
				MTL_ENABLE_DEBUG_INFO = INCLUDE_SOURCE;
				MTL_FAST_MATH = YES;
				ONLY_ACTIVE_ARCH = YES;
				SDKROOT = iphoneos;
				SWIFT_ACTIVE_COMPILATION_CONDITIONS = DEBUG;
				SWIFT_OPTIMIZATION_LEVEL = "-Onone";
			};
			name = Debug;
		};
		AC17414D27CA5A7600FF92C3 /* Release */ = {
			isa = XCBuildConfiguration;
			buildSettings = {
				ALWAYS_SEARCH_USER_PATHS = NO;
				CLANG_ANALYZER_NONNULL = YES;
				CLANG_ANALYZER_NUMBER_OBJECT_CONVERSION = YES_AGGRESSIVE;
				CLANG_CXX_LANGUAGE_STANDARD = "gnu++17";
				CLANG_CXX_LIBRARY = "libc++";
				CLANG_ENABLE_MODULES = YES;
				CLANG_ENABLE_OBJC_ARC = YES;
				CLANG_ENABLE_OBJC_WEAK = YES;
				CLANG_WARN_BLOCK_CAPTURE_AUTORELEASING = YES;
				CLANG_WARN_BOOL_CONVERSION = YES;
				CLANG_WARN_COMMA = YES;
				CLANG_WARN_CONSTANT_CONVERSION = YES;
				CLANG_WARN_DEPRECATED_OBJC_IMPLEMENTATIONS = YES;
				CLANG_WARN_DIRECT_OBJC_ISA_USAGE = YES_ERROR;
				CLANG_WARN_DOCUMENTATION_COMMENTS = YES;
				CLANG_WARN_EMPTY_BODY = YES;
				CLANG_WARN_ENUM_CONVERSION = YES;
				CLANG_WARN_INFINITE_RECURSION = YES;
				CLANG_WARN_INT_CONVERSION = YES;
				CLANG_WARN_NON_LITERAL_NULL_CONVERSION = YES;
				CLANG_WARN_OBJC_IMPLICIT_RETAIN_SELF = YES;
				CLANG_WARN_OBJC_LITERAL_CONVERSION = YES;
				CLANG_WARN_OBJC_ROOT_CLASS = YES_ERROR;
				CLANG_WARN_QUOTED_INCLUDE_IN_FRAMEWORK_HEADER = YES;
				CLANG_WARN_RANGE_LOOP_ANALYSIS = YES;
				CLANG_WARN_STRICT_PROTOTYPES = YES;
				CLANG_WARN_SUSPICIOUS_MOVE = YES;
				CLANG_WARN_UNGUARDED_AVAILABILITY = YES_AGGRESSIVE;
				CLANG_WARN_UNREACHABLE_CODE = YES;
				CLANG_WARN__DUPLICATE_METHOD_MATCH = YES;
				COPY_PHASE_STRIP = NO;
				DEBUG_INFORMATION_FORMAT = "dwarf-with-dsym";
				ENABLE_NS_ASSERTIONS = NO;
				ENABLE_STRICT_OBJC_MSGSEND = YES;
				GCC_C_LANGUAGE_STANDARD = gnu11;
				GCC_NO_COMMON_BLOCKS = YES;
				GCC_WARN_64_TO_32_BIT_CONVERSION = YES;
				GCC_WARN_ABOUT_RETURN_TYPE = YES_ERROR;
				GCC_WARN_UNDECLARED_SELECTOR = YES;
				GCC_WARN_UNINITIALIZED_AUTOS = YES_AGGRESSIVE;
				GCC_WARN_UNUSED_FUNCTION = YES;
				GCC_WARN_UNUSED_VARIABLE = YES;
				IPHONEOS_DEPLOYMENT_TARGET = 15.2;
				MTL_ENABLE_DEBUG_INFO = NO;
				MTL_FAST_MATH = YES;
				SDKROOT = iphoneos;
				SWIFT_COMPILATION_MODE = wholemodule;
				SWIFT_OPTIMIZATION_LEVEL = "-O";
				VALIDATE_PRODUCT = YES;
			};
			name = Release;
		};
		AC17414F27CA5A7600FF92C3 /* Debug */ = {
			isa = XCBuildConfiguration;
			buildSettings = {
				ASSETCATALOG_COMPILER_APPICON_NAME = AppIcon;
				ASSETCATALOG_COMPILER_GLOBAL_ACCENT_COLOR_NAME = AccentColor;
				CODE_SIGN_STYLE = Automatic;
				CURRENT_PROJECT_VERSION = 1;
				DEVELOPMENT_TEAM = FACS5QY45H;
				GENERATE_INFOPLIST_FILE = YES;
				INFOPLIST_FILE = "TodoList-CoreData/Info.plist";
				INFOPLIST_KEY_UIApplicationSupportsIndirectInputEvents = YES;
				INFOPLIST_KEY_UILaunchStoryboardName = LaunchScreen;
				INFOPLIST_KEY_UIMainStoryboardFile = Main;
				INFOPLIST_KEY_UISupportedInterfaceOrientations_iPad = "UIInterfaceOrientationPortrait UIInterfaceOrientationPortraitUpsideDown UIInterfaceOrientationLandscapeLeft UIInterfaceOrientationLandscapeRight";
				INFOPLIST_KEY_UISupportedInterfaceOrientations_iPhone = "UIInterfaceOrientationPortrait UIInterfaceOrientationLandscapeLeft UIInterfaceOrientationLandscapeRight";
				LD_RUNPATH_SEARCH_PATHS = (
					"$(inherited)",
					"@executable_path/Frameworks",
				);
				MARKETING_VERSION = 1.0;
				PRODUCT_BUNDLE_IDENTIFIER = "me.whothefuckis.TodoList-CoreData";
				PRODUCT_NAME = "$(TARGET_NAME)";
				SWIFT_EMIT_LOC_STRINGS = YES;
				SWIFT_VERSION = 5.0;
				TARGETED_DEVICE_FAMILY = "1,2";
			};
			name = Debug;
		};
		AC17415027CA5A7600FF92C3 /* Release */ = {
			isa = XCBuildConfiguration;
			buildSettings = {
				ASSETCATALOG_COMPILER_APPICON_NAME = AppIcon;
				ASSETCATALOG_COMPILER_GLOBAL_ACCENT_COLOR_NAME = AccentColor;
				CODE_SIGN_STYLE = Automatic;
				CURRENT_PROJECT_VERSION = 1;
				DEVELOPMENT_TEAM = FACS5QY45H;
				GENERATE_INFOPLIST_FILE = YES;
				INFOPLIST_FILE = "TodoList-CoreData/Info.plist";
				INFOPLIST_KEY_UIApplicationSupportsIndirectInputEvents = YES;
				INFOPLIST_KEY_UILaunchStoryboardName = LaunchScreen;
				INFOPLIST_KEY_UIMainStoryboardFile = Main;
				INFOPLIST_KEY_UISupportedInterfaceOrientations_iPad = "UIInterfaceOrientationPortrait UIInterfaceOrientationPortraitUpsideDown UIInterfaceOrientationLandscapeLeft UIInterfaceOrientationLandscapeRight";
				INFOPLIST_KEY_UISupportedInterfaceOrientations_iPhone = "UIInterfaceOrientationPortrait UIInterfaceOrientationLandscapeLeft UIInterfaceOrientationLandscapeRight";
				LD_RUNPATH_SEARCH_PATHS = (
					"$(inherited)",
					"@executable_path/Frameworks",
				);
				MARKETING_VERSION = 1.0;
				PRODUCT_BUNDLE_IDENTIFIER = "me.whothefuckis.TodoList-CoreData";
				PRODUCT_NAME = "$(TARGET_NAME)";
				SWIFT_EMIT_LOC_STRINGS = YES;
				SWIFT_VERSION = 5.0;
				TARGETED_DEVICE_FAMILY = "1,2";
			};
			name = Release;
		};
/* End XCBuildConfiguration section */

/* Begin XCConfigurationList section */
		AC17413227CA5A7500FF92C3 /* Build configuration list for PBXProject "TodoList-CoreData" */ = {
			isa = XCConfigurationList;
			buildConfigurations = (
				AC17414C27CA5A7600FF92C3 /* Debug */,
				AC17414D27CA5A7600FF92C3 /* Release */,
			);
			defaultConfigurationIsVisible = 0;
			defaultConfigurationName = Release;
		};
		AC17414E27CA5A7600FF92C3 /* Build configuration list for PBXNativeTarget "TodoList-CoreData" */ = {
			isa = XCConfigurationList;
			buildConfigurations = (
				AC17414F27CA5A7600FF92C3 /* Debug */,
				AC17415027CA5A7600FF92C3 /* Release */,
			);
			defaultConfigurationIsVisible = 0;
			defaultConfigurationName = Release;
		};
/* End XCConfigurationList section */

/* Begin XCVersionGroup section */
		AC17414327CA5A7500FF92C3 /* TodoList_CoreData.xcdatamodeld */ = {
			isa = XCVersionGroup;
			children = (
				AC17414427CA5A7500FF92C3 /* TodoList_CoreData.xcdatamodel */,
			);
			currentVersion = AC17414427CA5A7500FF92C3 /* TodoList_CoreData.xcdatamodel */;
			path = TodoList_CoreData.xcdatamodeld;
			sourceTree = "<group>";
			versionGroupType = wrapper.xcdatamodel;
		};
/* End XCVersionGroup section */
	};
	rootObject = AC17412F27CA5A7500FF92C3 /* Project object */;
}
